
Microsoft Visual Studio Solution File, Format Version 12.00
# Visual Studio Version 17
VisualStudioVersion = 17.8.34316.72
MinimumVisualStudioVersion = 10.0.40219.1
Project("{9A19103F-16F7-4668-BE54-9A1E7A4F7556}") = "GordonRambot", "GordonRambot.MAUI\GordonRambot.csproj", "{63807452-87AA-4B0C-A1A9-C4DD6BF1FBA6}"
EndProject
Project("{9A19103F-16F7-4668-BE54-9A1E7A4F7556}") = "GordonRambot.Shared", "GordonRambot.Shared\GordonRambot.Shared.csproj", "{764FDE2E-8351-4F4A-946C-4376CF47AA12}"
EndProject
Project("{9A19103F-16F7-4668-BE54-9A1E7A4F7556}") = "GordonRambot.Services", "GordonRambot.Application\GordonRambot.Services.csproj", "{D023390F-DA4F-4978-B703-4FE93D06BD82}"
EndProject
Global
	GlobalSection(SolutionConfigurationPlatforms) = preSolution
		Debug|Any CPU = Debug|Any CPU
		Release|Any CPU = Release|Any CPU
	EndGlobalSection
	GlobalSection(ProjectConfigurationPlatforms) = postSolution
		{63807452-87AA-4B0C-A1A9-C4DD6BF1FBA6}.Debug|Any CPU.ActiveCfg = Debug|Any CPU
		{63807452-87AA-4B0C-A1A9-C4DD6BF1FBA6}.Debug|Any CPU.Build.0 = Debug|Any CPU
		{63807452-87AA-4B0C-A1A9-C4DD6BF1FBA6}.Debug|Any CPU.Deploy.0 = Debug|Any CPU
		{63807452-87AA-4B0C-A1A9-C4DD6BF1FBA6}.Release|Any CPU.ActiveCfg = Release|Any CPU
		{63807452-87AA-4B0C-A1A9-C4DD6BF1FBA6}.Release|Any CPU.Build.0 = Release|Any CPU
		{63807452-87AA-4B0C-A1A9-C4DD6BF1FBA6}.Release|Any CPU.Deploy.0 = Release|Any CPU
		{764FDE2E-8351-4F4A-946C-4376CF47AA12}.Debug|Any CPU.ActiveCfg = Debug|Any CPU
		{764FDE2E-8351-4F4A-946C-4376CF47AA12}.Debug|Any CPU.Build.0 = Debug|Any CPU
		{764FDE2E-8351-4F4A-946C-4376CF47AA12}.Release|Any CPU.ActiveCfg = Release|Any CPU
		{764FDE2E-8351-4F4A-946C-4376CF47AA12}.Release|Any CPU.Build.0 = Release|Any CPU
		{D023390F-DA4F-4978-B703-4FE93D06BD82}.Debug|Any CPU.ActiveCfg = Debug|Any CPU
		{D023390F-DA4F-4978-B703-4FE93D06BD82}.Debug|Any CPU.Build.0 = Debug|Any CPU
		{D023390F-DA4F-4978-B703-4FE93D06BD82}.Release|Any CPU.ActiveCfg = Release|Any CPU
		{D023390F-DA4F-4978-B703-4FE93D06BD82}.Release|Any CPU.Build.0 = Release|Any CPU
	EndGlobalSection
	GlobalSection(SolutionProperties) = preSolution
		HideSolutionNode = FALSE
	EndGlobalSection
	GlobalSection(ExtensibilityGlobals) = postSolution
		SolutionGuid = {BD71EA2D-25A9-4CC3-82DA-1919E842C061}
	EndGlobalSection
EndGlobal
